# This file is automatically @generated by Cargo.
# It is not intended for manual editing.
version = 3

[[package]]
name = "bitflags"
version = "2.0.2"
source = "registry+https://github.com/rust-lang/crates.io-index"
checksum = "487f1e0fcbe47deb8b0574e646def1c903389d95241dd1bbcc6ce4a715dfc0c1"

[[package]]
name = "bmod"
version = "0.1.0"
dependencies = [
 "bitflags",
 "cxx",
]

[[package]]
name = "bmod-build"
version = "0.1.0"
dependencies = [
 "bmod",
 "cc",
 "cxx-gen",
 "quote",
]

[[package]]
name = "bmod-install"
version = "0.1.0"
dependencies = [
 "error-iter",
 "onlyargs",
 "thiserror",
]

[[package]]
name = "cc"
version = "1.0.79"
source = "registry+https://github.com/rust-lang/crates.io-index"
checksum = "50d30906286121d95be3d479533b458f87493b30a4b5f79a607db8f5d11aa91f"

[[package]]
name = "codespan-reporting"
version = "0.11.1"
source = "registry+https://github.com/rust-lang/crates.io-index"
checksum = "3538270d33cc669650c4b093848450d380def10c331d38c768e34cac80576e6e"
dependencies = [
 "termcolor",
 "unicode-width",
]

[[package]]
name = "cxx"
version = "1.0.93"
source = "registry+https://github.com/rust-lang/crates.io-index"
checksum = "a9c00419335c41018365ddf7e4d5f1c12ee3659ddcf3e01974650ba1de73d038"
dependencies = [
 "cc",
 "cxxbridge-flags",
 "cxxbridge-macro",
 "link-cplusplus",
]

[[package]]
name = "cxx-gen"
version = "0.7.93"
source = "registry+https://github.com/rust-lang/crates.io-index"
checksum = "e5a1d8bcc452ce138e068129073b0b6b9669dda4eec735bc599c88d83249e373"
dependencies = [
 "codespan-reporting",
 "proc-macro2",
 "quote",
 "syn",
]

[[package]]
name = "cxxbridge-flags"
version = "1.0.93"
source = "registry+https://github.com/rust-lang/crates.io-index"
checksum = "edc52e2eb08915cb12596d29d55f0b5384f00d697a646dbd269b6ecb0fbd9d31"

[[package]]
name = "cxxbridge-macro"
version = "1.0.93"
source = "registry+https://github.com/rust-lang/crates.io-index"
checksum = "631569015d0d8d54e6c241733f944042623ab6df7bc3be7466874b05fcdb1c5f"
dependencies = [
 "proc-macro2",
 "quote",
 "syn",
]

[[package]]
name = "error-iter"
version = "0.4.1"
source = "registry+https://github.com/rust-lang/crates.io-index"
checksum = "8070547d90d1b98debb6626421d742c897942bbb78f047694a5eb769495eccd6"

[[package]]
name = "link-cplusplus"
version = "1.0.8"
source = "registry+https://github.com/rust-lang/crates.io-index"
checksum = "ecd207c9c713c34f95a097a5b029ac2ce6010530c7b49d7fea24d977dede04f5"
dependencies = [
 "cc",
]

[[package]]
name = "onlyargs"
version = "0.1.0"
source = "git+https://github.com/parasyte/onlyargs.git?rev=7d99788b71d93a83e066404710e2c815f84dbd0a#7d99788b71d93a83e066404710e2c815f84dbd0a"

[[package]]
name = "proc-macro2"
version = "1.0.53"
source = "registry+https://github.com/rust-lang/crates.io-index"
checksum = "ba466839c78239c09faf015484e5cc04860f88242cff4d03eb038f04b4699b73"
dependencies = [
 "unicode-ident",
]

[[package]]
name = "quote"
version = "1.0.26"
source = "registry+https://github.com/rust-lang/crates.io-index"
checksum = "4424af4bf778aae2051a77b60283332f386554255d722233d09fbfc7e30da2fc"
dependencies = [
 "proc-macro2",
]

[[package]]
name = "syn"
version = "2.0.5"
source = "registry+https://github.com/rust-lang/crates.io-index"
checksum = "89c2d1c76a26822187a1fbb5964e3fff108bc208f02e820ab9dac1234f6b388a"
dependencies = [
 "proc-macro2",
 "quote",
 "unicode-ident",
]

[[package]]
name = "termcolor"
version = "1.2.0"
source = "registry+https://github.com/rust-lang/crates.io-index"
checksum = "be55cf8942feac5c765c2c993422806843c9a9a45d4d5c407ad6dd2ea95eb9b6"
dependencies = [
 "winapi-util",
]

[[package]]
name = "test-plugin"
version = "0.1.0"
dependencies = [
 "bmod",
 "bmod-build",
 "cxx",
]

[[package]]
name = "thiserror"
version = "1.0.40"
source = "registry+https://github.com/rust-lang/crates.io-index"
checksum = "978c9a314bd8dc99be594bc3c175faaa9794be04a5a5e153caba6915336cebac"
dependencies = [
 "thiserror-impl",
]

[[package]]
name = "thiserror-impl"
version = "1.0.40"
source = "registry+https://github.com/rust-lang/crates.io-index"
checksum = "f9456a42c5b0d803c8cd86e73dd7cc9edd429499f37a3550d286d5e86720569f"
dependencies = [
 "proc-macro2",
 "quote",
 "syn",
]

[[package]]
name = "unicode-ident"
version = "1.0.8"
source = "registry+https://github.com/rust-lang/crates.io-index"
checksum = "e5464a87b239f13a63a501f2701565754bae92d243d4bb7eb12f6d57d2269bf4"

[[package]]
name = "unicode-width"
version = "0.1.10"
source = "registry+https://github.com/rust-lang/crates.io-index"
checksum = "c0edd1e5b14653f783770bce4a4dabb4a5108a5370a5f5d8cfe8710c361f6c8b"

[[package]]
name = "winapi"
version = "0.3.9"
source = "registry+https://github.com/rust-lang/crates.io-index"
checksum = "5c839a674fcd7a98952e593242ea400abe93992746761e38641405d28b00f419"
dependencies = [
 "winapi-i686-pc-windows-gnu",
 "winapi-x86_64-pc-windows-gnu",
]

[[package]]
name = "winapi-i686-pc-windows-gnu"
version = "0.4.0"
source = "registry+https://github.com/rust-lang/crates.io-index"
checksum = "ac3b87c63620426dd9b991e5ce0329eff545bccbbb34f3be09ff6fb6ab51b7b6"

[[package]]
name = "winapi-util"
version = "0.1.5"
source = "registry+https://github.com/rust-lang/crates.io-index"
checksum = "70ec6ce85bb158151cae5e5c87f95a8e97d2c0c4b001223f33a334e3ce5de178"
dependencies = [
 "winapi",
]

[[package]]
name = "winapi-x86_64-pc-windows-gnu"
version = "0.4.0"
source = "registry+https://github.com/rust-lang/crates.io-index"
checksum = "712e227841d057c1ee1cd2fb22fa7e5a5461ae8e48fa2ca79ec42cfc1931183f"
